// !$*UTF8*$!
{
	archiveVersion = 1;
	classes = {
	};
	objectVersion = 77;
	objects = {

/* Begin PBXContainerItemProxy section */
		3930977B2E63C5C300D2C6A6 /* PBXContainerItemProxy */ = {
			isa = PBXContainerItemProxy;
			containerPortal = 393097622E63C5C000D2C6A6 /* Project object */;
			proxyType = 1;
			remoteGlobalIDString = 393097692E63C5C000D2C6A6;
			remoteInfo = FileUploaderWebApp;
		};
		393097852E63C5C300D2C6A6 /* PBXContainerItemProxy */ = {
			isa = PBXContainerItemProxy;
			containerPortal = 393097622E63C5C000D2C6A6 /* Project object */;
			proxyType = 1;
			remoteGlobalIDString = 393097692E63C5C000D2C6A6;
			remoteInfo = FileUploaderWebApp;
		};
/* End PBXContainerItemProxy section */

/* Begin PBXFileReference section */
		3930976A2E63C5C000D2C6A6 /* FileUploaderWebApp.app */ = {isa = PBXFileReference; explicitFileType = wrapper.application; includeInIndex = 0; path = FileUploaderWebApp.app; sourceTree = BUILT_PRODUCTS_DIR; };
		3930977A2E63C5C300D2C6A6 /* FileUploaderWebAppTests.xctest */ = {isa = PBXFileReference; explicitFileType = wrapper.cfbundle; includeInIndex = 0; path = FileUploaderWebAppTests.xctest; sourceTree = BUILT_PRODUCTS_DIR; };
		393097842E63C5C300D2C6A6 /* FileUploaderWebAppUITests.xctest */ = {isa = PBXFileReference; explicitFileType = wrapper.cfbundle; includeInIndex = 0; path = FileUploaderWebAppUITests.xctest; sourceTree = BUILT_PRODUCTS_DIR; };
/* End PBXFileReference section */

/* Begin PBXFileSystemSynchronizedRootGroup section */
		3930976C2E63C5C000D2C6A6 /* FileUploaderWebApp */ = {
			isa = PBXFileSystemSynchronizedRootGroup;
			path = FileUploaderWebApp;
			sourceTree = "<group>";
		};
		3930977D2E63C5C300D2C6A6 /* FileUploaderWebAppTests */ = {
			isa = PBXFileSystemSynchronizedRootGroup;
			path = FileUploaderWebAppTests;
			sourceTree = "<group>";
		};
		393097872E63C5C300D2C6A6 /* FileUploaderWebAppUITests */ = {
			isa = PBXFileSystemSynchronizedRootGroup;
			path = FileUploaderWebAppUITests;
			sourceTree = "<group>";
		};
/* End PBXFileSystemSynchronizedRootGroup section */

/* Begin PBXFrameworksBuildPhase section */
		393097672E63C5C000D2C6A6 /* Frameworks */ = {
			isa = PBXFrameworksBuildPhase;
			buildActionMask = 2147483647;
			files = (
			);
			runOnlyForDeploymentPostprocessing = 0;
		};
		393097772E63C5C300D2C6A6 /* Frameworks */ = {
			isa = PBXFrameworksBuildPhase;
			buildActionMask = 2147483647;
			files = (
			);
			runOnlyForDeploymentPostprocessing = 0;
		};
		393097812E63C5C300D2C6A6 /* Frameworks */ = {
			isa = PBXFrameworksBuildPhase;
			buildActionMask = 2147483647;
			files = (
			);
			runOnlyForDeploymentPostprocessing = 0;
		};
/* End PBXFrameworksBuildPhase section */

/* Begin PBXGroup section */
		393097612E63C5C000D2C6A6 = {
			isa = PBXGroup;
			children = (
				3930976C2E63C5C000D2C6A6 /* FileUploaderWebApp */,
				3930977D2E63C5C300D2C6A6 /* FileUploaderWebAppTests */,
				393097872E63C5C300D2C6A6 /* FileUploaderWebAppUITests */,
				3930976B2E63C5C000D2C6A6 /* Products */,
			);
			sourceTree = "<group>";
		};
		3930976B2E63C5C000D2C6A6 /* Products */ = {
			isa = PBXGroup;
			children = (
				3930976A2E63C5C000D2C6A6 /* FileUploaderWebApp.app */,
				3930977A2E63C5C300D2C6A6 /* FileUploaderWebAppTests.xctest */,
				393097842E63C5C300D2C6A6 /* FileUploaderWebAppUITests.xctest */,
			);
			name = Products;
			sourceTree = "<group>";
		};
/* End PBXGroup section */

/* Begin PBXNativeTarget section */
		393097692E63C5C000D2C6A6 /* FileUploaderWebApp */ = {
			isa = PBXNativeTarget;
			buildConfigurationList = 3930978E2E63C5C300D2C6A6 /* Build configuration list for PBXNativeTarget "FileUploaderWebApp" */;
			buildPhases = (
				393097662E63C5C000D2C6A6 /* Sources */,
				393097672E63C5C000D2C6A6 /* Frameworks */,
				393097682E63C5C000D2C6A6 /* Resources */,
			);
			buildRules = (
			);
			dependencies = (
			);
			fileSystemSynchronizedGroups = (
				3930976C2E63C5C000D2C6A6 /* FileUploaderWebApp */,
			);
			name = FileUploaderWebApp;
			packageProductDependencies = (
			);
			productName = FileUploaderWebApp;
			productReference = 3930976A2E63C5C000D2C6A6 /* FileUploaderWebApp.app */;
			productType = "com.apple.product-type.application";
		};
		393097792E63C5C300D2C6A6 /* FileUploaderWebAppTests */ = {
			isa = PBXNativeTarget;
			buildConfigurationList = 393097912E63C5C300D2C6A6 /* Build configuration list for PBXNativeTarget "FileUploaderWebAppTests" */;
			buildPhases = (
				393097762E63C5C300D2C6A6 /* Sources */,
				393097772E63C5C300D2C6A6 /* Frameworks */,
				393097782E63C5C300D2C6A6 /* Resources */,
			);
			buildRules = (
			);
			dependencies = (
				3930977C2E63C5C300D2C6A6 /* PBXTargetDependency */,
			);
			fileSystemSynchronizedGroups = (
				3930977D2E63C5C300D2C6A6 /* FileUploaderWebAppTests */,
			);
			name = FileUploaderWebAppTests;
			packageProductDependencies = (
			);
			productName = FileUploaderWebAppTests;
			productReference = 3930977A2E63C5C300D2C6A6 /* FileUploaderWebAppTests.xctest */;
			productType = "com.apple.product-type.bundle.unit-test";
		};
		393097832E63C5C300D2C6A6 /* FileUploaderWebAppUITests */ = {
			isa = PBXNativeTarget;
			buildConfigurationList = 393097942E63C5C300D2C6A6 /* Build configuration list for PBXNativeTarget "FileUploaderWebAppUITests" */;
			buildPhases = (
				393097802E63C5C300D2C6A6 /* Sources */,
				393097812E63C5C300D2C6A6 /* Frameworks */,
				393097822E63C5C300D2C6A6 /* Resources */,
			);
			buildRules = (
			);
			dependencies = (
				393097862E63C5C300D2C6A6 /* PBXTargetDependency */,
			);
			fileSystemSynchronizedGroups = (
				393097872E63C5C300D2C6A6 /* FileUploaderWebAppUITests */,
			);
			name = FileUploaderWebAppUITests;
			packageProductDependencies = (
			);
			productName = FileUploaderWebAppUITests;
			productReference = 393097842E63C5C300D2C6A6 /* FileUploaderWebAppUITests.xctest */;
			productType = "com.apple.product-type.bundle.ui-testing";
		};
/* End PBXNativeTarget section */

/* Begin PBXProject section */
		393097622E63C5C000D2C6A6 /* Project object */ = {
			isa = PBXProject;
			attributes = {
				BuildIndependentTargetsInParallel = 1;
				LastSwiftUpdateCheck = 1620;
				LastUpgradeCheck = 1620;
				TargetAttributes = {
					393097692E63C5C000D2C6A6 = {
						CreatedOnToolsVersion = 16.2;
					};
					393097792E63C5C300D2C6A6 = {
						CreatedOnToolsVersion = 16.2;
						TestTargetID = 393097692E63C5C000D2C6A6;
					};
					393097832E63C5C300D2C6A6 = {
						CreatedOnToolsVersion = 16.2;
						TestTargetID = 393097692E63C5C000D2C6A6;
					};
				};
			};
			buildConfigurationList = 393097652E63C5C000D2C6A6 /* Build configuration list for PBXProject "FileUploaderWebApp" */;
			developmentRegion = en;
			hasScannedForEncodings = 0;
			knownRegions = (
				en,
				Base,
			);
			mainGroup = 393097612E63C5C000D2C6A6;
			minimizedProjectReferenceProxies = 1;
			preferredProjectObjectVersion = 77;
			productRefGroup = 3930976B2E63C5C000D2C6A6 /* Products */;
			projectDirPath = "";
			projectRoot = "";
			targets = (
				393097692E63C5C000D2C6A6 /* FileUploaderWebApp */,
				393097792E63C5C300D2C6A6 /* FileUploaderWebAppTests */,
				393097832E63C5C300D2C6A6 /* FileUploaderWebAppUITests */,
			);
		};
/* End PBXProject section */

/* Begin PBXResourcesBuildPhase section */
		393097682E63C5C000D2C6A6 /* Resources */ = {
			isa = PBXResourcesBuildPhase;
			buildActionMask = 2147483647;
			files = (
			);
			runOnlyForDeploymentPostprocessing = 0;
		};
		393097782E63C5C300D2C6A6 /* Resources */ = {
			isa = PBXResourcesBuildPhase;
			buildActionMask = 2147483647;
			files = (
			);
			runOnlyForDeploymentPostprocessing = 0;
		};
		393097822E63C5C300D2C6A6 /* Resources */ = {
			isa = PBXResourcesBuildPhase;
			buildActionMask = 2147483647;
			files = (
			);
			runOnlyForDeploymentPostprocessing = 0;
		};
/* End PBXResourcesBuildPhase section */

/* Begin PBXSourcesBuildPhase section */
		393097662E63C5C000D2C6A6 /* Sources */ = {
			isa = PBXSourcesBuildPhase;
			buildActionMask = 2147483647;
			files = (
			);
			runOnlyForDeploymentPostprocessing = 0;
		};
		393097762E63C5C300D2C6A6 /* Sources */ = {
			isa = PBXSourcesBuildPhase;
			buildActionMask = 2147483647;
			files = (
			);
			runOnlyForDeploymentPostprocessing = 0;
		};
		393097802E63C5C300D2C6A6 /* Sources */ = {
			isa = PBXSourcesBuildPhase;
			buildActionMask = 2147483647;
			files = (
			);
			runOnlyForDeploymentPostprocessing = 0;
		};
/* End PBXSourcesBuildPhase section */

/* Begin PBXTargetDependency section */
		3930977C2E63C5C300D2C6A6 /* PBXTargetDependency */ = {
			isa = PBXTargetDependency;
			target = 393097692E63C5C000D2C6A6 /* FileUploaderWebApp */;
			targetProxy = 3930977B2E63C5C300D2C6A6 /* PBXContainerItemProxy */;
		};
		393097862E63C5C300D2C6A6 /* PBXTargetDependency */ = {
			isa = PBXTargetDependency;
			target = 393097692E63C5C000D2C6A6 /* FileUploaderWebApp */;
			targetProxy = 393097852E63C5C300D2C6A6 /* PBXContainerItemProxy */;
		};
/* End PBXTargetDependency section */

/* Begin XCBuildConfiguration section */
		3930978C2E63C5C300D2C6A6 /* Debug */ = {
			isa = XCBuildConfiguration;
			buildSettings = {
				ALWAYS_SEARCH_USER_PATHS = NO;
				ASSETCATALOG_COMPILER_GENERATE_SWIFT_ASSET_SYMBOL_EXTENSIONS = YES;
				CLANG_ANALYZER_NONNULL = YES;
				CLANG_ANALYZER_NUMBER_OBJECT_CONVERSION = YES_AGGRESSIVE;
				CLANG_CXX_LANGUAGE_STANDARD = "gnu++20";
				CLANG_ENABLE_MODULES = YES;
				CLANG_ENABLE_OBJC_ARC = YES;
				CLANG_ENABLE_OBJC_WEAK = YES;
				CLANG_WARN_BLOCK_CAPTURE_AUTORELEASING = YES;
				CLANG_WARN_BOOL_CONVERSION = YES;
				CLANG_WARN_COMMA = YES;
				CLANG_WARN_CONSTANT_CONVERSION = YES;
				CLANG_WARN_DEPRECATED_OBJC_IMPLEMENTATIONS = YES;
				CLANG_WARN_DIRECT_OBJC_ISA_USAGE = YES_ERROR;
				CLANG_WARN_DOCUMENTATION_COMMENTS = YES;
				CLANG_WARN_EMPTY_BODY = YES;
				CLANG_WARN_ENUM_CONVERSION = YES;
				CLANG_WARN_INFINITE_RECURSION = YES;
				CLANG_WARN_INT_CONVERSION = YES;
				CLANG_WARN_NON_LITERAL_NULL_CONVERSION = YES;
				CLANG_WARN_OBJC_IMPLICIT_RETAIN_SELF = YES;
				CLANG_WARN_OBJC_LITERAL_CONVERSION = YES;
				CLANG_WARN_OBJC_ROOT_CLASS = YES_ERROR;
				CLANG_WARN_QUOTED_INCLUDE_IN_FRAMEWORK_HEADER = YES;
				CLANG_WARN_RANGE_LOOP_ANALYSIS = YES;
				CLANG_WARN_STRICT_PROTOTYPES = YES;
				CLANG_WARN_SUSPICIOUS_MOVE = YES;
				CLANG_WARN_UNGUARDED_AVAILABILITY = YES_AGGRESSIVE;
				CLANG_WARN_UNREACHABLE_CODE = YES;
				CLANG_WARN__DUPLICATE_METHOD_MATCH = YES;
				COPY_PHASE_STRIP = NO;
				DEBUG_INFORMATION_FORMAT = dwarf;
				ENABLE_STRICT_OBJC_MSGSEND = YES;
				ENABLE_TESTABILITY = YES;
				ENABLE_USER_SCRIPT_SANDBOXING = YES;
				GCC_C_LANGUAGE_STANDARD = gnu17;
				GCC_DYNAMIC_NO_PIC = NO;
				GCC_NO_COMMON_BLOCKS = YES;
				GCC_OPTIMIZATION_LEVEL = 0;
				GCC_PREPROCESSOR_DEFINITIONS = (
					"DEBUG=1",
					"$(inherited)",
				);
				GCC_WARN_64_TO_32_BIT_CONVERSION = YES;
				GCC_WARN_ABOUT_RETURN_TYPE = YES_ERROR;
				GCC_WARN_UNDECLARED_SELECTOR = YES;
				GCC_WARN_UNINITIALIZED_AUTOS = YES_AGGRESSIVE;
				GCC_WARN_UNUSED_FUNCTION = YES;
				GCC_WARN_UNUSED_VARIABLE = YES;
				INFOPLIST_KEY_NSPhotoLibraryAddUsageDescription = "Access required to modify your photo library.";
				INFOPLIST_KEY_NSPhotoLibraryUsageDescription = "Access photos to back them up and optionally delete them after upload.";
				IPHONEOS_DEPLOYMENT_TARGET = 18.2;
				LOCALIZATION_PREFERS_STRING_CATALOGS = YES;
				MTL_ENABLE_DEBUG_INFO = INCLUDE_SOURCE;
				MTL_FAST_MATH = YES;
				ONLY_ACTIVE_ARCH = YES;
				SDKROOT = iphoneos;
				SWIFT_ACTIVE_COMPILATION_CONDITIONS = "DEBUG $(inherited)";
				SWIFT_OPTIMIZATION_LEVEL = "-Onone";
			};
			name = Debug;
		};
		3930978D2E63C5C300D2C6A6 /* Release */ = {
			isa = XCBuildConfiguration;
			buildSettings = {
				ALWAYS_SEARCH_USER_PATHS = NO;
				ASSETCATALOG_COMPILER_GENERATE_SWIFT_ASSET_SYMBOL_EXTENSIONS = YES;
				CLANG_ANALYZER_NONNULL = YES;
				CLANG_ANALYZER_NUMBER_OBJECT_CONVERSION = YES_AGGRESSIVE;
				CLANG_CXX_LANGUAGE_STANDARD = "gnu++20";
				CLANG_ENABLE_MODULES = YES;
				CLANG_ENABLE_OBJC_ARC = YES;
				CLANG_ENABLE_OBJC_WEAK = YES;
				CLANG_WARN_BLOCK_CAPTURE_AUTORELEASING = YES;
				CLANG_WARN_BOOL_CONVERSION = YES;
				CLANG_WARN_COMMA = YES;
				CLANG_WARN_CONSTANT_CONVERSION = YES;
				CLANG_WARN_DEPRECATED_OBJC_IMPLEMENTATIONS = YES;
				CLANG_WARN_DIRECT_OBJC_ISA_USAGE = YES_ERROR;
				CLANG_WARN_DOCUMENTATION_COMMENTS = YES;
				CLANG_WARN_EMPTY_BODY = YES;
				CLANG_WARN_ENUM_CONVERSION = YES;
				CLANG_WARN_INFINITE_RECURSION = YES;
				CLANG_WARN_INT_CONVERSION = YES;
				CLANG_WARN_NON_LITERAL_NULL_CONVERSION = YES;
				CLANG_WARN_OBJC_IMPLICIT_RETAIN_SELF = YES;
				CLANG_WARN_OBJC_LITERAL_CONVERSION = YES;
				CLANG_WARN_OBJC_ROOT_CLASS = YES_ERROR;
				CLANG_WARN_QUOTED_INCLUDE_IN_FRAMEWORK_HEADER = YES;
				CLANG_WARN_RANGE_LOOP_ANALYSIS = YES;
				CLANG_WARN_STRICT_PROTOTYPES = YES;
				CLANG_WARN_SUSPICIOUS_MOVE = YES;
				CLANG_WARN_UNGUARDED_AVAILABILITY = YES_AGGRESSIVE;
				CLANG_WARN_UNREACHABLE_CODE = YES;
				CLANG_WARN__DUPLICATE_METHOD_MATCH = YES;
				COPY_PHASE_STRIP = NO;
				DEBUG_INFORMATION_FORMAT = "dwarf-with-dsym";
				ENABLE_NS_ASSERTIONS = NO;
				ENABLE_STRICT_OBJC_MSGSEND = YES;
				ENABLE_USER_SCRIPT_SANDBOXING = YES;
				GCC_C_LANGUAGE_STANDARD = gnu17;
				GCC_NO_COMMON_BLOCKS = YES;
				GCC_WARN_64_TO_32_BIT_CONVERSION = YES;
				GCC_WARN_ABOUT_RETURN_TYPE = YES_ERROR;
				GCC_WARN_UNDECLARED_SELECTOR = YES;
				GCC_WARN_UNINITIALIZED_AUTOS = YES_AGGRESSIVE;
				GCC_WARN_UNUSED_FUNCTION = YES;
				GCC_WARN_UNUSED_VARIABLE = YES;
				INFOPLIST_KEY_NSPhotoLibraryAddUsageDescription = "Access required to modify your photo library.";
				INFOPLIST_KEY_NSPhotoLibraryUsageDescription = "Access photos to back them up and optionally delete them after upload.";
				IPHONEOS_DEPLOYMENT_TARGET = 18.2;
				LOCALIZATION_PREFERS_STRING_CATALOGS = YES;
				MTL_ENABLE_DEBUG_INFO = NO;
				MTL_FAST_MATH = YES;
				SDKROOT = iphoneos;
				SWIFT_COMPILATION_MODE = wholemodule;
				VALIDATE_PRODUCT = YES;
			};
			name = Release;
		};
		3930978F2E63C5C300D2C6A6 /* Debug */ = {
			isa = XCBuildConfiguration;
			buildSettings = {
				ASSETCATALOG_COMPILER_APPICON_NAME = AppIcon;
				ASSETCATALOG_COMPILER_GLOBAL_ACCENT_COLOR_NAME = AccentColor;
				CODE_SIGN_STYLE = Automatic;
				CURRENT_PROJECT_VERSION = 1;
				DEVELOPMENT_ASSET_PATHS = "\"FileUploaderWebApp/Preview Content\"";
				DEVELOPMENT_TEAM = BY4B3232UU;
				ENABLE_PREVIEWS = YES;
				GENERATE_INFOPLIST_FILE = YES;
				INFOPLIST_KEY_UIApplicationSceneManifest_Generation = YES;
				INFOPLIST_KEY_UIApplicationSupportsIndirectInputEvents = YES;
				INFOPLIST_KEY_UILaunchScreen_Generation = YES;
				INFOPLIST_KEY_UISupportedInterfaceOrientations_iPad = "UIInterfaceOrientationPortrait UIInterfaceOrientationPortraitUpsideDown UIInterfaceOrientationLandscapeLeft UIInterfaceOrientationLandscapeRight";
				INFOPLIST_KEY_UISupportedInterfaceOrientations_iPhone = "UIInterfaceOrientationPortrait UIInterfaceOrientationLandscapeLeft UIInterfaceOrientationLandscapeRight";
				LD_RUNPATH_SEARCH_PATHS = (
					"$(inherited)",
					"@executable_path/Frameworks",
				);
				MARKETING_VERSION = 1.0;
				PRODUCT_BUNDLE_IDENTIFIER = com.backuphotos.FileUploaderWebApp;
				PRODUCT_NAME = "$(TARGET_NAME)";
				SWIFT_EMIT_LOC_STRINGS = YES;
				SWIFT_VERSION = 5.0;
				TARGETED_DEVICE_FAMILY = "1,2";
			};
			name = Debug;
		};
		393097902E63C5C300D2C6A6 /* Release */ = {
			isa = XCBuildConfiguration;
			buildSettings = {
				ASSETCATALOG_COMPILER_APPICON_NAME = AppIcon;
				ASSETCATALOG_COMPILER_GLOBAL_ACCENT_COLOR_NAME = AccentColor;
				CODE_SIGN_STYLE = Automatic;
				CURRENT_PROJECT_VERSION = 1;
				DEVELOPMENT_ASSET_PATHS = "\"FileUploaderWebApp/Preview Content\"";
				DEVELOPMENT_TEAM = BY4B3232UU;
				ENABLE_PREVIEWS = YES;
				GENERATE_INFOPLIST_FILE = YES;
				INFOPLIST_KEY_UIApplicationSceneManifest_Generation = YES;
				INFOPLIST_KEY_UIApplicationSupportsIndirectInputEvents = YES;
				INFOPLIST_KEY_UILaunchScreen_Generation = YES;
				INFOPLIST_KEY_UISupportedInterfaceOrientations_iPad = "UIInterfaceOrientationPortrait UIInterfaceOrientationPortraitUpsideDown UIInterfaceOrientationLandscapeLeft UIInterfaceOrientationLandscapeRight";
				INFOPLIST_KEY_UISupportedInterfaceOrientations_iPhone = "UIInterfaceOrientationPortrait UIInterfaceOrientationLandscapeLeft UIInterfaceOrientationLandscapeRight";
				LD_RUNPATH_SEARCH_PATHS = (
					"$(inherited)",
					"@executable_path/Frameworks",
				);
				MARKETING_VERSION = 1.0;
				PRODUCT_BUNDLE_IDENTIFIER = com.backuphotos.FileUploaderWebApp;
				PRODUCT_NAME = "$(TARGET_NAME)";
				SWIFT_EMIT_LOC_STRINGS = YES;
				SWIFT_VERSION = 5.0;
				TARGETED_DEVICE_FAMILY = "1,2";
			};
			name = Release;
		};
		393097922E63C5C300D2C6A6 /* Debug */ = {
			isa = XCBuildConfiguration;
			buildSettings = {
				BUNDLE_LOADER = "$(TEST_HOST)";
				CODE_SIGN_STYLE = Automatic;
				CURRENT_PROJECT_VERSION = 1;
				DEVELOPMENT_TEAM = BY4B3232UU;
				GENERATE_INFOPLIST_FILE = YES;
				IPHONEOS_DEPLOYMENT_TARGET = 18.2;
				MARKETING_VERSION = 1.0;
				PRODUCT_BUNDLE_IDENTIFIER = com.backuphotos.FileUploaderWebAppTests;
				PRODUCT_NAME = "$(TARGET_NAME)";
				SWIFT_EMIT_LOC_STRINGS = NO;
				SWIFT_VERSION = 5.0;
				TARGETED_DEVICE_FAMILY = "1,2";
				TEST_HOST = "$(BUILT_PRODUCTS_DIR)/FileUploaderWebApp.app/$(BUNDLE_EXECUTABLE_FOLDER_PATH)/FileUploaderWebApp";
			};
			name = Debug;
		};
		393097932E63C5C300D2C6A6 /* Release */ = {
			isa = XCBuildConfiguration;
			buildSettings = {
				BUNDLE_LOADER = "$(TEST_HOST)";
				CODE_SIGN_STYLE = Automatic;
				CURRENT_PROJECT_VERSION = 1;
				DEVELOPMENT_TEAM = BY4B3232UU;
				GENERATE_INFOPLIST_FILE = YES;
				IPHONEOS_DEPLOYMENT_TARGET = 18.2;
				MARKETING_VERSION = 1.0;
				PRODUCT_BUNDLE_IDENTIFIER = com.backuphotos.FileUploaderWebAppTests;
				PRODUCT_NAME = "$(TARGET_NAME)";
				SWIFT_EMIT_LOC_STRINGS = NO;
				SWIFT_VERSION = 5.0;
				TARGETED_DEVICE_FAMILY = "1,2";
				TEST_HOST = "$(BUILT_PRODUCTS_DIR)/FileUploaderWebApp.app/$(BUNDLE_EXECUTABLE_FOLDER_PATH)/FileUploaderWebApp";
			};
			name = Release;
		};
		393097952E63C5C300D2C6A6 /* Debug */ = {
			isa = XCBuildConfiguration;
			buildSettings = {
				CODE_SIGN_STYLE = Automatic;
				CURRENT_PROJECT_VERSION = 1;
				DEVELOPMENT_TEAM = BY4B3232UU;
				GENERATE_INFOPLIST_FILE = YES;
				MARKETING_VERSION = 1.0;
				PRODUCT_BUNDLE_IDENTIFIER = com.backuphotos.FileUploaderWebAppUITests;
				PRODUCT_NAME = "$(TARGET_NAME)";
				SWIFT_EMIT_LOC_STRINGS = NO;
				SWIFT_VERSION = 5.0;
				TARGETED_DEVICE_FAMILY = "1,2";
				TEST_TARGET_NAME = FileUploaderWebApp;
			};
			name = Debug;
		};
		393097962E63C5C300D2C6A6 /* Release */ = {
			isa = XCBuildConfiguration;
			buildSettings = {
				CODE_SIGN_STYLE = Automatic;
				CURRENT_PROJECT_VERSION = 1;
				DEVELOPMENT_TEAM = BY4B3232UU;
				GENERATE_INFOPLIST_FILE = YES;
				MARKETING_VERSION = 1.0;
				PRODUCT_BUNDLE_IDENTIFIER = com.backuphotos.FileUploaderWebAppUITests;
				PRODUCT_NAME = "$(TARGET_NAME)";
				SWIFT_EMIT_LOC_STRINGS = NO;
				SWIFT_VERSION = 5.0;
				TARGETED_DEVICE_FAMILY = "1,2";
				TEST_TARGET_NAME = FileUploaderWebApp;
			};
			name = Release;
		};
/* End XCBuildConfiguration section */

/* Begin XCConfigurationList section */
		393097652E63C5C000D2C6A6 /* Build configuration list for PBXProject "FileUploaderWebApp" */ = {
			isa = XCConfigurationList;
			buildConfigurations = (
				3930978C2E63C5C300D2C6A6 /* Debug */,
				3930978D2E63C5C300D2C6A6 /* Release */,
			);
			defaultConfigurationIsVisible = 0;
			defaultConfigurationName = Release;
		};
		3930978E2E63C5C300D2C6A6 /* Build configuration list for PBXNativeTarget "FileUploaderWebApp" */ = {
			isa = XCConfigurationList;
			buildConfigurations = (
				3930978F2E63C5C300D2C6A6 /* Debug */,
				393097902E63C5C300D2C6A6 /* Release */,
			);
			defaultConfigurationIsVisible = 0;
			defaultConfigurationName = Release;
		};
		393097912E63C5C300D2C6A6 /* Build configuration list for PBXNativeTarget "FileUploaderWebAppTests" */ = {
			isa = XCConfigurationList;
			buildConfigurations = (
				393097922E63C5C300D2C6A6 /* Debug */,
				393097932E63C5C300D2C6A6 /* Release */,
			);
			defaultConfigurationIsVisible = 0;
			defaultConfigurationName = Release;
		};
		393097942E63C5C300D2C6A6 /* Build configuration list for PBXNativeTarget "FileUploaderWebAppUITests" */ = {
			isa = XCConfigurationList;
			buildConfigurations = (
				393097952E63C5C300D2C6A6 /* Debug */,
				393097962E63C5C300D2C6A6 /* Release */,
			);
			defaultConfigurationIsVisible = 0;
			defaultConfigurationName = Release;
		};
/* End XCConfigurationList section */
	};
	rootObject = 393097622E63C5C000D2C6A6 /* Project object */;
}
